
Microsoft Visual Studio Solution File, Format Version 12.00
# Visual Studio Version 17
VisualStudioVersion = 17.10.35013.160
MinimumVisualStudioVersion = 10.0.40219.1
Project("{FAE04EC0-301F-11D3-BF4B-00C04F79EFBC}") = "MovableApp", "MovableApp.csproj", "{35F10EAA-0164-4775-87C2-00A5187F7254}"
EndProject
Global
	GlobalSection(SolutionConfigurationPlatforms) = preSolution
		Debug|Any CPU = Debug|Any CPU
		Release|Any CPU = Release|Any CPU
	EndGlobalSection
	GlobalSection(ProjectConfigurationPlatforms) = postSolution
		{35F10EAA-0164-4775-87C2-00A5187F7254}.Debug|Any CPU.ActiveCfg = Debug|Any CPU
		{35F10EAA-0164-4775-87C2-00A5187F7254}.Debug|Any CPU.Build.0 = Debug|Any CPU
		{35F10EAA-0164-4775-87C2-00A5187F7254}.Release|Any CPU.ActiveCfg = Release|Any CPU
		{35F10EAA-0164-4775-87C2-00A5187F7254}.Release|Any CPU.Build.0 = Release|Any CPU
	EndGlobalSection
	GlobalSection(SolutionProperties) = preSolution
		HideSolutionNode = FALSE
	EndGlobalSection
	GlobalSection(ExtensibilityGlobals) = postSolution
		SolutionGuid = {9E9FF7C3-6189-4257-8060-03F70A1D9D30}
	EndGlobalSection
EndGlobal
